
Microsoft Visual Studio Solution File, Format Version 12.00
# Visual Studio 2012
Project("{888888A0-9F3D-457C-B088-3A5042F75D52}") = "Map", "Map\Map.pyproj", "{811E1545-B762-4DFE-B790-1B22C518A3EC}"
EndProject
Global
	GlobalSection(SolutionConfigurationPlatforms) = preSolution
		Debug|Any CPU = Debug|Any CPU
		Release|Any CPU = Release|Any CPU
	EndGlobalSection
	GlobalSection(ProjectConfigurationPlatforms) = postSolution
		{811E1545-B762-4DFE-B790-1B22C518A3EC}.Debug|Any CPU.ActiveCfg = Debug|Any CPU
		{811E1545-B762-4DFE-B790-1B22C518A3EC}.Debug|Any CPU.Build.0 = Debug|Any CPU
		{811E1545-B762-4DFE-B790-1B22C518A3EC}.Release|Any CPU.ActiveCfg = Release|Any CPU
		{811E1545-B762-4DFE-B790-1B22C518A3EC}.Release|Any CPU.Build.0 = Release|Any CPU
	EndGlobalSection
	GlobalSection(SolutionProperties) = preSolution
		HideSolutionNode = FALSE
	EndGlobalSection
EndGlobal
